Microsoft Visual Studio Solution File, Format Version 12.00
# Visual Studio Version 17
VisualStudioVersion = 17.5.2.0
MinimumVisualStudioVersion = 10.0.40219.1
Project("{FAE04EC0-301F-11D3-BF4B-00C04F79EFBC}") = "GambleCore", "GambleCore.csproj", "{39D96D8B-8ED7-1220-AE37-988CBD991C7C}"
EndProject
Global
	GlobalSection(SolutionConfigurationPlatforms) = preSolution
		Debug|Any CPU = Debug|Any CPU
		Release|Any CPU = Release|Any CPU
	EndGlobalSection
	GlobalSection(ProjectConfigurationPlatforms) = postSolution
		{39D96D8B-8ED7-1220-AE37-988CBD991C7C}.Debug|Any CPU.ActiveCfg = Debug|Any CPU
		{39D96D8B-8ED7-1220-AE37-988CBD991C7C}.Debug|Any CPU.Build.0 = Debug|Any CPU
		{39D96D8B-8ED7-1220-AE37-988CBD991C7C}.Release|Any CPU.ActiveCfg = Release|Any CPU
		{39D96D8B-8ED7-1220-AE37-988CBD991C7C}.Release|Any CPU.Build.0 = Release|Any CPU
	EndGlobalSection
	GlobalSection(SolutionProperties) = preSolution
		HideSolutionNode = FALSE
	EndGlobalSection
	GlobalSection(ExtensibilityGlobals) = postSolution
		SolutionGuid = {2409967B-33BB-43ED-85AF-41CD6C44F592}
	EndGlobalSection
EndGlobal
