
Microsoft Visual Studio Solution File, Format Version 12.00
Project("{FAE04EC0-301F-11D3-BF4B-00C04F79EFBC}") = "GambleCore", "GambleCore\GambleCore.csproj", "{234ABC1A-B702-4E36-AB44-5A16D1579F09}"
EndProject
Project("{FAE04EC0-301F-11D3-BF4B-00C04F79EFBC}") = "GambleCLI", "GambleCLI\GambleCLI.csproj", "{95955FF7-56EA-4014-A97D-31CD35412AD5}"
EndProject
Global
	GlobalSection(SolutionConfigurationPlatforms) = preSolution
		Debug|Any CPU = Debug|Any CPU
		Release|Any CPU = Release|Any CPU
	EndGlobalSection
	GlobalSection(ProjectConfigurationPlatforms) = postSolution
		{234ABC1A-B702-4E36-AB44-5A16D1579F09}.Debug|Any CPU.ActiveCfg = Debug|Any CPU
		{234ABC1A-B702-4E36-AB44-5A16D1579F09}.Debug|Any CPU.Build.0 = Debug|Any CPU
		{234ABC1A-B702-4E36-AB44-5A16D1579F09}.Release|Any CPU.ActiveCfg = Release|Any CPU
		{234ABC1A-B702-4E36-AB44-5A16D1579F09}.Release|Any CPU.Build.0 = Release|Any CPU
		{95955FF7-56EA-4014-A97D-31CD35412AD5}.Debug|Any CPU.ActiveCfg = Debug|Any CPU
		{95955FF7-56EA-4014-A97D-31CD35412AD5}.Debug|Any CPU.Build.0 = Debug|Any CPU
		{95955FF7-56EA-4014-A97D-31CD35412AD5}.Release|Any CPU.ActiveCfg = Release|Any CPU
		{95955FF7-56EA-4014-A97D-31CD35412AD5}.Release|Any CPU.Build.0 = Release|Any CPU
	EndGlobalSection
EndGlobal
